// !$*UTF8*$!
{
	archiveVersion = 1;
	classes = {
	};
	objectVersion = 46;
	objects = {

/* Begin PBXBuildFile section */
		04387C931EA510060069D90F /* EventsPageController.swift in Sources */ = {isa = PBXBuildFile; fileRef = 04387C921EA510060069D90F /* EventsPageController.swift */; };
		04387C961EA511B40069D90F /* EventsPageHeader.swift in Sources */ = {isa = PBXBuildFile; fileRef = 04387C951EA511B40069D90F /* EventsPageHeader.swift */; };
		04387C981EA515410069D90F /* EventDelegate.swift in Sources */ = {isa = PBXBuildFile; fileRef = 04387C971EA515410069D90F /* EventDelegate.swift */; };
		04387C9E1EA593E50069D90F /* HomeSearch.swift in Sources */ = {isa = PBXBuildFile; fileRef = 04387C9D1EA593E50069D90F /* HomeSearch.swift */; };
		04E8DA191E96E695007AAE98 /* MainTabBarController.swift in Sources */ = {isa = PBXBuildFile; fileRef = 04E8DA181E96E695007AAE98 /* MainTabBarController.swift */; };
		04E8DA201E96F6FC007AAE98 /* User.swift in Sources */ = {isa = PBXBuildFile; fileRef = 04E8DA1F1E96F6FC007AAE98 /* User.swift */; };
		04E8DA231E993895007AAE98 /* KeyboardObserver.swift in Sources */ = {isa = PBXBuildFile; fileRef = 04E8DA221E993895007AAE98 /* KeyboardObserver.swift */; };
		04E8DA241E993B6A007AAE98 /* Impact.ttf in Resources */ = {isa = PBXBuildFile; fileRef = 04E8DA211E9936BF007AAE98 /* Impact.ttf */; };
		04E8DA271E99AEBB007AAE98 /* UserProfileController.swift in Sources */ = {isa = PBXBuildFile; fileRef = 04E8DA261E99AEBB007AAE98 /* UserProfileController.swift */; };
		04E8DA291E99B240007AAE98 /* UserProfileHeader.swift in Sources */ = {isa = PBXBuildFile; fileRef = 04E8DA281E99B240007AAE98 /* UserProfileHeader.swift */; };
		04E8DA2C1E9AEBCF007AAE98 /* Post.swift in Sources */ = {isa = PBXBuildFile; fileRef = 04E8DA2B1E9AEBCF007AAE98 /* Post.swift */; };
		04E8DA2E1E9AFF88007AAE98 /* UserProfilePhotoCell.swift in Sources */ = {isa = PBXBuildFile; fileRef = 04E8DA2D1E9AFF88007AAE98 /* UserProfilePhotoCell.swift */; };
		04E8DA301E9D9759007AAE98 /* HomeHeader.swift in Sources */ = {isa = PBXBuildFile; fileRef = 04E8DA2F1E9D9759007AAE98 /* HomeHeader.swift */; };
		04E8DA321E9D9D4B007AAE98 /* SearchViewController.swift in Sources */ = {isa = PBXBuildFile; fileRef = 04E8DA311E9D9D4B007AAE98 /* SearchViewController.swift */; };
		04E8DA341E9DABB8007AAE98 /* AppCache.swift in Sources */ = {isa = PBXBuildFile; fileRef = 04E8DA331E9DABB8007AAE98 /* AppCache.swift */; };
		04E8DA371EA18F84007AAE98 /* ImageHandler.swift in Sources */ = {isa = PBXBuildFile; fileRef = 04E8DA361EA18F84007AAE98 /* ImageHandler.swift */; };
		04E8DA391EA44CE8007AAE98 /* EventsAPI.swift in Sources */ = {isa = PBXBuildFile; fileRef = 04E8DA381EA44CE7007AAE98 /* EventsAPI.swift */; };
		04E8DA3C1EA4C55D007AAE98 /* Venue.swift in Sources */ = {isa = PBXBuildFile; fileRef = 04E8DA3B1EA4C55D007AAE98 /* Venue.swift */; };
		04E8DA3E1EA4C777007AAE98 /* Artist.swift in Sources */ = {isa = PBXBuildFile; fileRef = 04E8DA3D1EA4C777007AAE98 /* Artist.swift */; };
		04E8DA461EA4DDD0007AAE98 /* PictogramTests.swift in Sources */ = {isa = PBXBuildFile; fileRef = 04E8DA451EA4DDD0007AAE98 /* PictogramTests.swift */; };
		4319123F1E95496C00CC8E0D /* AppDelegate.swift in Sources */ = {isa = PBXBuildFile; fileRef = 4319123E1E95496C00CC8E0D /* AppDelegate.swift */; };
		431912411E95496C00CC8E0D /* RegisterController.swift in Sources */ = {isa = PBXBuildFile; fileRef = 431912401E95496C00CC8E0D /* RegisterController.swift */; };
		431912441E95496C00CC8E0D /* Main.storyboard in Resources */ = {isa = PBXBuildFile; fileRef = 431912421E95496C00CC8E0D /* Main.storyboard */; };
		431912471E95496C00CC8E0D /* Pictogram.xcdatamodeld in Sources */ = {isa = PBXBuildFile; fileRef = 431912451E95496C00CC8E0D /* Pictogram.xcdatamodeld */; };
		431912491E95496C00CC8E0D /* Assets.xcassets in Resources */ = {isa = PBXBuildFile; fileRef = 431912481E95496C00CC8E0D /* Assets.xcassets */; };
		4319124C1E95496C00CC8E0D /* LaunchScreen.storyboard in Resources */ = {isa = PBXBuildFile; fileRef = 4319124A1E95496C00CC8E0D /* LaunchScreen.storyboard */; };
		431912541E967FA500CC8E0D /* Extensions.swift in Sources */ = {isa = PBXBuildFile; fileRef = 431912531E967FA500CC8E0D /* Extensions.swift */; };
		431912591E96995D00CC8E0D /* GoogleService-Info.plist in Resources */ = {isa = PBXBuildFile; fileRef = 431912581E96995D00CC8E0D /* GoogleService-Info.plist */; };
		4319125D1E96A4AD00CC8E0D /* BrandColours.swift in Sources */ = {isa = PBXBuildFile; fileRef = 4319125C1E96A4AD00CC8E0D /* BrandColours.swift */; };
		432B76451E9B9A2200DC07F9 /* CustomImageView.swift in Sources */ = {isa = PBXBuildFile; fileRef = 432B76441E9B9A2200DC07F9 /* CustomImageView.swift */; };
		432B76481E9BA13600DC07F9 /* HomeController.swift in Sources */ = {isa = PBXBuildFile; fileRef = 432B76471E9BA13600DC07F9 /* HomeController.swift */; };
		432B764A1E9BA32B00DC07F9 /* HomePostCell.swift in Sources */ = {isa = PBXBuildFile; fileRef = 432B76491E9BA32B00DC07F9 /* HomePostCell.swift */; };
		432B764C1E9BA74B00DC07F9 /* DaoManager.swift in Sources */ = {isa = PBXBuildFile; fileRef = 432B764B1E9BA74B00DC07F9 /* DaoManager.swift */; };
		432B76511E9BCACA00DC07F9 /* NotificationController.swift in Sources */ = {isa = PBXBuildFile; fileRef = 432B76501E9BCACA00DC07F9 /* NotificationController.swift */; };
		432B76531E9BCAF300DC07F9 /* NotificationCell.swift in Sources */ = {isa = PBXBuildFile; fileRef = 432B76521E9BCAF300DC07F9 /* NotificationCell.swift */; };
		436569B61E9CD73800216D8E /* Event.swift in Sources */ = {isa = PBXBuildFile; fileRef = 436569B51E9CD73800216D8E /* Event.swift */; };
		436569B81E9CD91300216D8E /* EventCategoryCell.swift in Sources */ = {isa = PBXBuildFile; fileRef = 436569B71E9CD91300216D8E /* EventCategoryCell.swift */; };
		43758BDC1E9BE7CD006B4952 /* EventsController.swift in Sources */ = {isa = PBXBuildFile; fileRef = 43758BDB1E9BE7CD006B4952 /* EventsController.swift */; };
		43758BDE1E9BE800006B4952 /* EventCell.swift in Sources */ = {isa = PBXBuildFile; fileRef = 43758BDD1E9BE800006B4952 /* EventCell.swift */; };
		437D6A5A1E9F866800A112DB /* UserProfileEditController.swift in Sources */ = {isa = PBXBuildFile; fileRef = 437D6A591E9F866800A112DB /* UserProfileEditController.swift */; };
		437D6A5D1E9F88A100A112DB /* UserProfileEditCell.swift in Sources */ = {isa = PBXBuildFile; fileRef = 437D6A5C1E9F88A100A112DB /* UserProfileEditCell.swift */; };
		437D6A601E9FB0B200A112DB /* EntitySearchTableViewController.swift in Sources */ = {isa = PBXBuildFile; fileRef = 437D6A5F1E9FB0B200A112DB /* EntitySearchTableViewController.swift */; };
		437D6A641E9FCA3700A112DB /* DataFactory.swift in Sources */ = {isa = PBXBuildFile; fileRef = 437D6A631E9FCA3700A112DB /* DataFactory.swift */; };
		43C2F89C1E97864E008144FA /* LoginController.swift in Sources */ = {isa = PBXBuildFile; fileRef = 43C2F89B1E97864E008144FA /* LoginController.swift */; };
		43C2F8A01E97A9C4008144FA /* PhotoSelectorController.swift in Sources */ = {isa = PBXBuildFile; fileRef = 43C2F89F1E97A9C4008144FA /* PhotoSelectorController.swift */; };
		43C2F8A21E97D380008144FA /* PhotoSelectorCell.swift in Sources */ = {isa = PBXBuildFile; fileRef = 43C2F8A11E97D380008144FA /* PhotoSelectorCell.swift */; };
		43C2F8A41E97DB38008144FA /* PhotoSelectorHeader.swift in Sources */ = {isa = PBXBuildFile; fileRef = 43C2F8A31E97DB38008144FA /* PhotoSelectorHeader.swift */; };
		43C2F8A61E97EA84008144FA /* MemeEditorController.swift in Sources */ = {isa = PBXBuildFile; fileRef = 43C2F8A51E97EA84008144FA /* MemeEditorController.swift */; };
		D99B65AC682AAE463D6EC548 /* Pods_Pictogram.framework in Frameworks */ = {isa = PBXBuildFile; fileRef = F4ECBA88CC2274FBDB29E527 /* Pods_Pictogram.framework */; };
/* End PBXBuildFile section */

/* Begin PBXContainerItemProxy section */
		04E8DA481EA4DDD0007AAE98 /* PBXContainerItemProxy */ = {
			isa = PBXContainerItemProxy;
			containerPortal = 431912331E95496B00CC8E0D /* Project object */;
			proxyType = 1;
			remoteGlobalIDString = 4319123A1E95496B00CC8E0D;
			remoteInfo = Pictogram;
		};
/* End PBXContainerItemProxy section */

/* Begin PBXFileReference section */
		04387C921EA510060069D90F /* EventsPageController.swift */ = {isa = PBXFileReference; fileEncoding = 4; lastKnownFileType = sourcecode.swift; path = EventsPageController.swift; sourceTree = "<group>"; };
		04387C951EA511B40069D90F /* EventsPageHeader.swift */ = {isa = PBXFileReference; fileEncoding = 4; lastKnownFileType = sourcecode.swift; path = EventsPageHeader.swift; sourceTree = "<group>"; };
		04387C971EA515410069D90F /* EventDelegate.swift */ = {isa = PBXFileReference; fileEncoding = 4; lastKnownFileType = sourcecode.swift; path = EventDelegate.swift; sourceTree = "<group>"; };
		04387C9D1EA593E50069D90F /* HomeSearch.swift */ = {isa = PBXFileReference; fileEncoding = 4; lastKnownFileType = sourcecode.swift; path = HomeSearch.swift; sourceTree = "<group>"; };
		04E8DA181E96E695007AAE98 /* MainTabBarController.swift */ = {isa = PBXFileReference; fileEncoding = 4; lastKnownFileType = sourcecode.swift; path = MainTabBarController.swift; sourceTree = "<group>"; };
		04E8DA1F1E96F6FC007AAE98 /* User.swift */ = {isa = PBXFileReference; fileEncoding = 4; lastKnownFileType = sourcecode.swift; path = User.swift; sourceTree = "<group>"; };
		04E8DA211E9936BF007AAE98 /* Impact.ttf */ = {isa = PBXFileReference; lastKnownFileType = file; path = Impact.ttf; sourceTree = "<group>"; };
		04E8DA221E993895007AAE98 /* KeyboardObserver.swift */ = {isa = PBXFileReference; fileEncoding = 4; lastKnownFileType = sourcecode.swift; path = KeyboardObserver.swift; sourceTree = "<group>"; };
		04E8DA261E99AEBB007AAE98 /* UserProfileController.swift */ = {isa = PBXFileReference; fileEncoding = 4; lastKnownFileType = sourcecode.swift; path = UserProfileController.swift; sourceTree = "<group>"; };
		04E8DA281E99B240007AAE98 /* UserProfileHeader.swift */ = {isa = PBXFileReference; fileEncoding = 4; lastKnownFileType = sourcecode.swift; path = UserProfileHeader.swift; sourceTree = "<group>"; };
		04E8DA2B1E9AEBCF007AAE98 /* Post.swift */ = {isa = PBXFileReference; fileEncoding = 4; lastKnownFileType = sourcecode.swift; path = Post.swift; sourceTree = "<group>"; };
		04E8DA2D1E9AFF88007AAE98 /* UserProfilePhotoCell.swift */ = {isa = PBXFileReference; fileEncoding = 4; lastKnownFileType = sourcecode.swift; path = UserProfilePhotoCell.swift; sourceTree = "<group>"; };
		04E8DA2F1E9D9759007AAE98 /* HomeHeader.swift */ = {isa = PBXFileReference; fileEncoding = 4; lastKnownFileType = sourcecode.swift; path = HomeHeader.swift; sourceTree = "<group>"; };
		04E8DA311E9D9D4B007AAE98 /* SearchViewController.swift */ = {isa = PBXFileReference; fileEncoding = 4; lastKnownFileType = sourcecode.swift; path = SearchViewController.swift; sourceTree = "<group>"; };
		04E8DA331E9DABB8007AAE98 /* AppCache.swift */ = {isa = PBXFileReference; fileEncoding = 4; lastKnownFileType = sourcecode.swift; path = AppCache.swift; sourceTree = "<group>"; };
		04E8DA361EA18F84007AAE98 /* ImageHandler.swift */ = {isa = PBXFileReference; fileEncoding = 4; lastKnownFileType = sourcecode.swift; path = ImageHandler.swift; sourceTree = "<group>"; };
		04E8DA381EA44CE7007AAE98 /* EventsAPI.swift */ = {isa = PBXFileReference; fileEncoding = 4; lastKnownFileType = sourcecode.swift; path = EventsAPI.swift; sourceTree = "<group>"; };
		04E8DA3B1EA4C55D007AAE98 /* Venue.swift */ = {isa = PBXFileReference; fileEncoding = 4; lastKnownFileType = sourcecode.swift; path = Venue.swift; sourceTree = "<group>"; };
		04E8DA3D1EA4C777007AAE98 /* Artist.swift */ = {isa = PBXFileReference; fileEncoding = 4; lastKnownFileType = sourcecode.swift; path = Artist.swift; sourceTree = "<group>"; };
		04E8DA431EA4DDCF007AAE98 /* PictogramamTests.xctest */ = {isa = PBXFileReference; explicitFileType = wrapper.cfbundle; includeInIndex = 0; path = PictogramamTests.xctest; sourceTree = BUILT_PRODUCTS_DIR; };
		04E8DA451EA4DDD0007AAE98 /* PictogramTests.swift */ = {isa = PBXFileReference; lastKnownFileType = sourcecode.swift; path = PictogramTests.swift; sourceTree = "<group>"; };
		04E8DA471EA4DDD0007AAE98 /* Info.plist */ = {isa = PBXFileReference; lastKnownFileType = text.plist.xml; path = Info.plist; sourceTree = "<group>"; };
		4319123B1E95496C00CC8E0D /* Pictogramam.app */ = {isa = PBXFileReference; explicitFileType = wrapper.application; includeInIndex = 0; path = Pictogramam.app; sourceTree = BUILT_PRODUCTS_DIR; };
		4319123E1E95496C00CC8E0D /* AppDelegate.swift */ = {isa = PBXFileReference; lastKnownFileType = sourcecode.swift; path = AppDelegate.swift; sourceTree = "<group>"; };
		431912401E95496C00CC8E0D /* RegisterController.swift */ = {isa = PBXFileReference; lastKnownFileType = sourcecode.swift; path = RegisterController.swift; sourceTree = "<group>"; };
		431912431E95496C00CC8E0D /* Base */ = {isa = PBXFileReference; lastKnownFileType = file.storyboard; name = Base; path = Base.lproj/Main.storyboard; sourceTree = "<group>"; };
		431912461E95496C00CC8E0D /* Pictogram.xcdatamodel */ = {isa = PBXFileReference; lastKnownFileType = wrapper.xcdatamodel; path = Pictogram.xcdatamodel; sourceTree = "<group>"; };
		431912481E95496C00CC8E0D /* Assets.xcassets */ = {isa = PBXFileReference; lastKnownFileType = folder.assetcatalog; path = Assets.xcassets; sourceTree = "<group>"; };
		4319124B1E95496C00CC8E0D /* Base */ = {isa = PBXFileReference; lastKnownFileType = file.storyboard; name = Base; path = Base.lproj/LaunchScreen.storyboard; sourceTree = "<group>"; };
		4319124D1E95496C00CC8E0D /* Info.plist */ = {isa = PBXFileReference; lastKnownFileType = text.plist.xml; path = Info.plist; sourceTree = "<group>"; };
		431912531E967FA500CC8E0D /* Extensions.swift */ = {isa = PBXFileReference; fileEncoding = 4; lastKnownFileType = sourcecode.swift; path = Extensions.swift; sourceTree = "<group>"; };
		431912581E96995D00CC8E0D /* GoogleService-Info.plist */ = {isa = PBXFileReference; fileEncoding = 4; lastKnownFileType = text.plist.xml; path = "GoogleService-Info.plist"; sourceTree = "<group>"; };
		4319125C1E96A4AD00CC8E0D /* BrandColours.swift */ = {isa = PBXFileReference; fileEncoding = 4; lastKnownFileType = sourcecode.swift; path = BrandColours.swift; sourceTree = "<group>"; };
		432B76441E9B9A2200DC07F9 /* CustomImageView.swift */ = {isa = PBXFileReference; fileEncoding = 4; lastKnownFileType = sourcecode.swift; path = CustomImageView.swift; sourceTree = "<group>"; };
		432B76471E9BA13600DC07F9 /* HomeController.swift */ = {isa = PBXFileReference; fileEncoding = 4; lastKnownFileType = sourcecode.swift; path = HomeController.swift; sourceTree = "<group>"; };
		432B76491E9BA32B00DC07F9 /* HomePostCell.swift */ = {isa = PBXFileReference; fileEncoding = 4; lastKnownFileType = sourcecode.swift; path = HomePostCell.swift; sourceTree = "<group>"; };
		432B764B1E9BA74B00DC07F9 /* DaoManager.swift */ = {isa = PBXFileReference; fileEncoding = 4; lastKnownFileType = sourcecode.swift; path = DaoManager.swift; sourceTree = "<group>"; };
		432B76501E9BCACA00DC07F9 /* NotificationController.swift */ = {isa = PBXFileReference; fileEncoding = 4; lastKnownFileType = sourcecode.swift; path = NotificationController.swift; sourceTree = "<group>"; };
		432B76521E9BCAF300DC07F9 /* NotificationCell.swift */ = {isa = PBXFileReference; fileEncoding = 4; lastKnownFileType = sourcecode.swift; path = NotificationCell.swift; sourceTree = "<group>"; };
		436569B51E9CD73800216D8E /* Event.swift */ = {isa = PBXFileReference; fileEncoding = 4; lastKnownFileType = sourcecode.swift; path = Event.swift; sourceTree = "<group>"; };
		436569B71E9CD91300216D8E /* EventCategoryCell.swift */ = {isa = PBXFileReference; fileEncoding = 4; lastKnownFileType = sourcecode.swift; path = EventCategoryCell.swift; sourceTree = "<group>"; };
		43758BDB1E9BE7CD006B4952 /* EventsController.swift */ = {isa = PBXFileReference; fileEncoding = 4; lastKnownFileType = sourcecode.swift; path = EventsController.swift; sourceTree = "<group>"; };
		43758BDD1E9BE800006B4952 /* EventCell.swift */ = {isa = PBXFileReference; fileEncoding = 4; lastKnownFileType = sourcecode.swift; path = EventCell.swift; sourceTree = "<group>"; };
		437D6A591E9F866800A112DB /* UserProfileEditController.swift */ = {isa = PBXFileReference; fileEncoding = 4; lastKnownFileType = sourcecode.swift; path = UserProfileEditController.swift; sourceTree = "<group>"; };
		437D6A5C1E9F88A100A112DB /* UserProfileEditCell.swift */ = {isa = PBXFileReference; fileEncoding = 4; lastKnownFileType = sourcecode.swift; path = UserProfileEditCell.swift; sourceTree = "<group>"; };
		437D6A5F1E9FB0B200A112DB /* EntitySearchTableViewController.swift */ = {isa = PBXFileReference; fileEncoding = 4; lastKnownFileType = sourcecode.swift; path = EntitySearchTableViewController.swift; sourceTree = "<group>"; };
		437D6A631E9FCA3700A112DB /* DataFactory.swift */ = {isa = PBXFileReference; fileEncoding = 4; lastKnownFileType = sourcecode.swift; path = DataFactory.swift; sourceTree = "<group>"; };
		43C2F89B1E97864E008144FA /* LoginController.swift */ = {isa = PBXFileReference; fileEncoding = 4; lastKnownFileType = sourcecode.swift; path = LoginController.swift; sourceTree = "<group>"; };
		43C2F89F1E97A9C4008144FA /* PhotoSelectorController.swift */ = {isa = PBXFileReference; fileEncoding = 4; lastKnownFileType = sourcecode.swift; path = PhotoSelectorController.swift; sourceTree = "<group>"; };
		43C2F8A11E97D380008144FA /* PhotoSelectorCell.swift */ = {isa = PBXFileReference; fileEncoding = 4; lastKnownFileType = sourcecode.swift; path = PhotoSelectorCell.swift; sourceTree = "<group>"; };
		43C2F8A31E97DB38008144FA /* PhotoSelectorHeader.swift */ = {isa = PBXFileReference; fileEncoding = 4; lastKnownFileType = sourcecode.swift; path = PhotoSelectorHeader.swift; sourceTree = "<group>"; };
		43C2F8A51E97EA84008144FA /* MemeEditorController.swift */ = {isa = PBXFileReference; fileEncoding = 4; lastKnownFileType = sourcecode.swift; path = MemeEditorController.swift; sourceTree = "<group>"; };
		7D12EABECB2EC8D908A2E88C /* Pods-Pictogram.release.xcconfig */ = {isa = PBXFileReference; includeInIndex = 1; lastKnownFileType = text.xcconfig; name = "Pods-Pictogram.release.xcconfig"; path = "Pods/Target Support Files/Pods-Pictogram/Pods-Pictogram.release.xcconfig"; sourceTree = "<group>"; };
		B79F500FA87FDD21F979A120 /* Pods-Pictogram.debug.xcconfig */ = {isa = PBXFileReference; includeInIndex = 1; lastKnownFileType = text.xcconfig; name = "Pods-Pictogram.debug.xcconfig"; path = "Pods/Target Support Files/Pods-Pictogram/Pods-Pictogram.debug.xcconfig"; sourceTree = "<group>"; };
		F4ECBA88CC2274FBDB29E527 /* Pods_Pictogram.framework */ = {isa = PBXFileReference; explicitFileType = wrapper.framework; includeInIndex = 0; path = Pods_Pictogram.framework; sourceTree = BUILT_PRODUCTS_DIR; };
/* End PBXFileReference section */

/* Begin PBXFrameworksBuildPhase section */
		04E8DA401EA4DDCF007AAE98 /* Frameworks */ = {
			isa = PBXFrameworksBuildPhase;
			buildActionMask = 2147483647;
			files = (
			);
			runOnlyForDeploymentPostprocessing = 0;
		};
		431912381E95496B00CC8E0D /* Frameworks */ = {
			isa = PBXFrameworksBuildPhase;
			buildActionMask = 2147483647;
			files = (
				D99B65AC682AAE463D6EC548 /* Pods_Pictogram.framework in Frameworks */,
			);
			runOnlyForDeploymentPostprocessing = 0;
		};
/* End PBXFrameworksBuildPhase section */

/* Begin PBXGroup section */
		04387C941EA5100F0069D90F /* Models */ = {
			isa = PBXGroup;
			children = (
				436569B51E9CD73800216D8E /* Event.swift */,
				04E8DA3B1EA4C55D007AAE98 /* Venue.swift */,
				04E8DA3D1EA4C777007AAE98 /* Artist.swift */,
			);
			name = Models;
			sourceTree = "<group>";
		};
		04387C991EA5358B0069D90F /* Interface */ = {
			isa = PBXGroup;
			children = (
				04387C971EA515410069D90F /* EventDelegate.swift */,
			);
			name = Interface;
			sourceTree = "<group>";
		};
		04387C9C1EA593B60069D90F /* Search */ = {
			isa = PBXGroup;
			children = (
				04387C9D1EA593E50069D90F /* HomeSearch.swift */,
			);
			name = Search;
			sourceTree = "<group>";
		};
		04E8DA1C1E96F2AD007AAE98 /* Profile */ = {
			isa = PBXGroup;
			children = (
				437D6A5B1E9F887300A112DB /* Edit */,
				04E8DA261E99AEBB007AAE98 /* UserProfileController.swift */,
				04E8DA281E99B240007AAE98 /* UserProfileHeader.swift */,
				04E8DA2D1E9AFF88007AAE98 /* UserProfilePhotoCell.swift */,
			);
			name = Profile;
			sourceTree = "<group>";
		};
		04E8DA2A1E9AEBC2007AAE98 /* Models */ = {
			isa = PBXGroup;
			children = (
				04E8DA1F1E96F6FC007AAE98 /* User.swift */,
				04E8DA2B1E9AEBCF007AAE98 /* Post.swift */,
			);
			name = Models;
			sourceTree = "<group>";
		};
		04E8DA3A1EA44CF0007AAE98 /* Service */ = {
			isa = PBXGroup;
			children = (
				04E8DA381EA44CE7007AAE98 /* EventsAPI.swift */,
			);
			name = Service;
			sourceTree = "<group>";
		};
		04E8DA441EA4DDD0007AAE98 /* PictogramTests */ = {
			isa = PBXGroup;
			children = (
				04E8DA451EA4DDD0007AAE98 /* PictogramTests.swift */,
				04E8DA471EA4DDD0007AAE98 /* Info.plist */,
			);
			path = PictogramTests;
			sourceTree = "<group>";
		};
		431912321E95496B00CC8E0D = {
			isa = PBXGroup;
			children = (
				04E8DA211E9936BF007AAE98 /* Impact.ttf */,
				4319123D1E95496C00CC8E0D /* Pictogram */,
				04E8DA441EA4DDD0007AAE98 /* PictogramTests */,
				4319123C1E95496C00CC8E0D /* Products */,
				494935B03E973901E29B4BA9 /* Pods */,
				533847EE37D2AD3B948E5C79 /* Frameworks */,
			);
			sourceTree = "<group>";
		};
		4319123C1E95496C00CC8E0D /* Products */ = {
			isa = PBXGroup;
			children = (
				4319123B1E95496C00CC8E0D /* Pictogramam.app */,
				04E8DA431EA4DDCF007AAE98 /* PictogramamTests.xctest */,
			);
			name = Products;
			sourceTree = "<group>";
		};
		4319123D1E95496C00CC8E0D /* Pictogram */ = {
			isa = PBXGroup;
			children = (
				4319123E1E95496C00CC8E0D /* AppDelegate.swift */,
				04E8DA181E96E695007AAE98 /* MainTabBarController.swift */,
				437D6A631E9FCA3700A112DB /* DataFactory.swift */,
				432B76431E9B9A0F00DC07F9 /* Utils */,
				431912551E968CC600CC8E0D /* Modules */,
				431912421E95496C00CC8E0D /* Main.storyboard */,
				431912481E95496C00CC8E0D /* Assets.xcassets */,
				4319124A1E95496C00CC8E0D /* LaunchScreen.storyboard */,
				4319124D1E95496C00CC8E0D /* Info.plist */,
				431912451E95496C00CC8E0D /* Pictogram.xcdatamodeld */,
				431912581E96995D00CC8E0D /* GoogleService-Info.plist */,
			);
			path = Pictogram;
			sourceTree = "<group>";
		};
		431912551E968CC600CC8E0D /* Modules */ = {
			isa = PBXGroup;
			children = (
				43758BDA1E9BE799006B4952 /* Events */,
				432B764D1E9BCA7100DC07F9 /* Notifications */,
				432B76461E9BA11400DC07F9 /* Home */,
				43C2F89E1E97A99E008144FA /* Photo */,
				431912561E968CD100CC8E0D /* User */,
			);
			name = Modules;
			sourceTree = "<group>";
		};
		431912561E968CD100CC8E0D /* User */ = {
			isa = PBXGroup;
			children = (
				04E8DA2A1E9AEBC2007AAE98 /* Models */,
				04E8DA1C1E96F2AD007AAE98 /* Profile */,
				431912571E968D0000CC8E0D /* Auth */,
			);
			name = User;
			sourceTree = "<group>";
		};
		431912571E968D0000CC8E0D /* Auth */ = {
			isa = PBXGroup;
			children = (
				43C2F89D1E979203008144FA /* Register */,
				43C2F89A1E978630008144FA /* Login */,
			);
			name = Auth;
			sourceTree = "<group>";
		};
		432B76431E9B9A0F00DC07F9 /* Utils */ = {
			isa = PBXGroup;
			children = (
				4319125C1E96A4AD00CC8E0D /* BrandColours.swift */,
				431912531E967FA500CC8E0D /* Extensions.swift */,
				432B76441E9B9A2200DC07F9 /* CustomImageView.swift */,
				432B764B1E9BA74B00DC07F9 /* DaoManager.swift */,
				04E8DA331E9DABB8007AAE98 /* AppCache.swift */,
			);
			name = Utils;
			sourceTree = "<group>";
		};
		432B76461E9BA11400DC07F9 /* Home */ = {
			isa = PBXGroup;
			children = (
				04387C9C1EA593B60069D90F /* Search */,
				04E8DA2F1E9D9759007AAE98 /* HomeHeader.swift */,
				432B76471E9BA13600DC07F9 /* HomeController.swift */,
				432B76491E9BA32B00DC07F9 /* HomePostCell.swift */,
				04E8DA311E9D9D4B007AAE98 /* SearchViewController.swift */,
			);
			name = Home;
			sourceTree = "<group>";
		};
		432B764D1E9BCA7100DC07F9 /* Notifications */ = {
			isa = PBXGroup;
			children = (
				432B76501E9BCACA00DC07F9 /* NotificationController.swift */,
				432B76521E9BCAF300DC07F9 /* NotificationCell.swift */,
			);
			name = Notifications;
			sourceTree = "<group>";
		};
		436569B91E9CDA2100216D8E /* Category */ = {
			isa = PBXGroup;
			children = (
				43758BDD1E9BE800006B4952 /* EventCell.swift */,
				436569B71E9CD91300216D8E /* EventCategoryCell.swift */,
			);
			name = Category;
			sourceTree = "<group>";
		};
		43758BDA1E9BE799006B4952 /* Events */ = {
			isa = PBXGroup;
			children = (
				04387C991EA5358B0069D90F /* Interface */,
				04387C941EA5100F0069D90F /* Models */,
				04E8DA3A1EA44CF0007AAE98 /* Service */,
				436569B91E9CDA2100216D8E /* Category */,
				43758BDB1E9BE7CD006B4952 /* EventsController.swift */,
				04387C921EA510060069D90F /* EventsPageController.swift */,
				04387C951EA511B40069D90F /* EventsPageHeader.swift */,
			);
			name = Events;
			sourceTree = "<group>";
		};
		437D6A5B1E9F887300A112DB /* Edit */ = {
			isa = PBXGroup;
			children = (
				437D6A5E1E9FB08B00A112DB /* Search */,
				437D6A591E9F866800A112DB /* UserProfileEditController.swift */,
				437D6A5C1E9F88A100A112DB /* UserProfileEditCell.swift */,
			);
			name = Edit;
			sourceTree = "<group>";
		};
		437D6A5E1E9FB08B00A112DB /* Search */ = {
			isa = PBXGroup;
			children = (
				437D6A5F1E9FB0B200A112DB /* EntitySearchTableViewController.swift */,
			);
			name = Search;
			sourceTree = "<group>";
		};
		43C2F89A1E978630008144FA /* Login */ = {
			isa = PBXGroup;
			children = (
				43C2F89B1E97864E008144FA /* LoginController.swift */,
			);
			name = Login;
			sourceTree = "<group>";
		};
		43C2F89D1E979203008144FA /* Register */ = {
			isa = PBXGroup;
			children = (
				431912401E95496C00CC8E0D /* RegisterController.swift */,
			);
			name = Register;
			sourceTree = "<group>";
		};
		43C2F89E1E97A99E008144FA /* Photo */ = {
			isa = PBXGroup;
			children = (
				04E8DA361EA18F84007AAE98 /* ImageHandler.swift */,
				43C2F8A81E97F271008144FA /* Meme */,
				43C2F8A71E97F25E008144FA /* Selector */,
			);
			name = Photo;
			sourceTree = "<group>";
		};
		43C2F8A71E97F25E008144FA /* Selector */ = {
			isa = PBXGroup;
			children = (
				43C2F89F1E97A9C4008144FA /* PhotoSelectorController.swift */,
				43C2F8A11E97D380008144FA /* PhotoSelectorCell.swift */,
				43C2F8A31E97DB38008144FA /* PhotoSelectorHeader.swift */,
			);
			name = Selector;
			sourceTree = "<group>";
		};
		43C2F8A81E97F271008144FA /* Meme */ = {
			isa = PBXGroup;
			children = (
				43C2F8A51E97EA84008144FA /* MemeEditorController.swift */,
				04E8DA221E993895007AAE98 /* KeyboardObserver.swift */,
			);
			name = Meme;
			sourceTree = "<group>";
		};
		494935B03E973901E29B4BA9 /* Pods */ = {
			isa = PBXGroup;
			children = (
				B79F500FA87FDD21F979A120 /* Pods-Pictogram.debug.xcconfig */,
				7D12EABECB2EC8D908A2E88C /* Pods-Pictogram.release.xcconfig */,
			);
			name = Pods;
			sourceTree = "<group>";
		};
		533847EE37D2AD3B948E5C79 /* Frameworks */ = {
			isa = PBXGroup;
			children = (
				F4ECBA88CC2274FBDB29E527 /* Pods_Pictogram.framework */,
			);
			name = Frameworks;
			sourceTree = "<group>";
		};
/* End PBXGroup section */

/* Begin PBXNativeTarget section */
		04E8DA421EA4DDCF007AAE98 /* PictogramamTests */ = {
			isa = PBXNativeTarget;
			buildConfigurationList = 04E8DA4A1EA4DDD0007AAE98 /* Build configuration list for PBXNativeTarget "PictogramamTests" */;
			buildPhases = (
				04E8DA3F1EA4DDCF007AAE98 /* Sources */,
				04E8DA401EA4DDCF007AAE98 /* Frameworks */,
				04E8DA411EA4DDCF007AAE98 /* Resources */,
			);
			buildRules = (
			);
			dependencies = (
				04E8DA491EA4DDD0007AAE98 /* PBXTargetDependency */,
			);
			name = PictogramamTests;
			productName = PictogramTests;
			productReference = 04E8DA431EA4DDCF007AAE98 /* PictogramamTests.xctest */;
			productType = "com.apple.product-type.bundle.unit-test";
		};
		4319123A1E95496B00CC8E0D /* Pictogramam */ = {
			isa = PBXNativeTarget;
			buildConfigurationList = 431912501E95496C00CC8E0D /* Build configuration list for PBXNativeTarget "Pictogramam" */;
			buildPhases = (
				84F80026E76B18F4C723A5C4 /* [CP] Check Pods Manifest.lock */,
				431912371E95496B00CC8E0D /* Sources */,
				431912381E95496B00CC8E0D /* Frameworks */,
				431912391E95496B00CC8E0D /* Resources */,
				4AD71E268F691C3B8A59EBA6 /* [CP] Embed Pods Frameworks */,
				9BCE4226F02B47E552E896F0 /* [CP] Copy Pods Resources */,
			);
			buildRules = (
			);
			dependencies = (
			);
			name = Pictogramam;
			productName = Pictogram;
			productReference = 4319123B1E95496C00CC8E0D /* Pictogramam.app */;
			productType = "com.apple.product-type.application";
		};
/* End PBXNativeTarget section */

/* Begin PBXProject section */
		431912331E95496B00CC8E0D /* Project object */ = {
			isa = PBXProject;
			attributes = {
				LastSwiftUpdateCheck = 0820;
				LastUpgradeCheck = 0820;
				ORGANIZATIONNAME = obrien;
				TargetAttributes = {
					04E8DA421EA4DDCF007AAE98 = {
						CreatedOnToolsVersion = 8.2.1;
						DevelopmentTeam = 7289W83XQQ;
						ProvisioningStyle = Automatic;
						TestTargetID = 4319123A1E95496B00CC8E0D;
					};
					4319123A1E95496B00CC8E0D = {
						CreatedOnToolsVersion = 8.2.1;
						DevelopmentTeam = 7289W83XQQ;
						ProvisioningStyle = Automatic;
					};
				};
			};
			buildConfigurationList = 431912361E95496B00CC8E0D /* Build configuration list for PBXProject "Pictogram" */;
			compatibilityVersion = "Xcode 3.2";
			developmentRegion = English;
			hasScannedForEncodings = 0;
			knownRegions = (
				en,
				Base,
			);
			mainGroup = 431912321E95496B00CC8E0D;
			productRefGroup = 4319123C1E95496C00CC8E0D /* Products */;
			projectDirPath = "";
			projectRoot = "";
			targets = (
				4319123A1E95496B00CC8E0D /* Pictogramam */,
				04E8DA421EA4DDCF007AAE98 /* PictogramamTests */,
			);
		};
/* End PBXProject section */

/* Begin PBXResourcesBuildPhase section */
		04E8DA411EA4DDCF007AAE98 /* Resources */ = {
			isa = PBXResourcesBuildPhase;
			buildActionMask = 2147483647;
			files = (
			);
			runOnlyForDeploymentPostprocessing = 0;
		};
		431912391E95496B00CC8E0D /* Resources */ = {
			isa = PBXResourcesBuildPhase;
			buildActionMask = 2147483647;
			files = (
				4319124C1E95496C00CC8E0D /* LaunchScreen.storyboard in Resources */,
				431912591E96995D00CC8E0D /* GoogleService-Info.plist in Resources */,
				431912491E95496C00CC8E0D /* Assets.xcassets in Resources */,
				431912441E95496C00CC8E0D /* Main.storyboard in Resources */,
				04E8DA241E993B6A007AAE98 /* Impact.ttf in Resources */,
			);
			runOnlyForDeploymentPostprocessing = 0;
		};
/* End PBXResourcesBuildPhase section */

/* Begin PBXShellScriptBuildPhase section */
		4AD71E268F691C3B8A59EBA6 /* [CP] Embed Pods Frameworks */ = {
			isa = PBXShellScriptBuildPhase;
			buildActionMask = 2147483647;
			files = (
			);
			inputPaths = (
			);
			name = "[CP] Embed Pods Frameworks";
			outputPaths = (
			);
			runOnlyForDeploymentPostprocessing = 0;
			shellPath = /bin/sh;
			shellScript = "\"${SRCROOT}/Pods/Target Support Files/Pods-Pictogram/Pods-Pictogram-frameworks.sh\"\n";
			showEnvVarsInLog = 0;
		};
		84F80026E76B18F4C723A5C4 /* [CP] Check Pods Manifest.lock */ = {
			isa = PBXShellScriptBuildPhase;
			buildActionMask = 2147483647;
			files = (
			);
			inputPaths = (
			);
			name = "[CP] Check Pods Manifest.lock";
			outputPaths = (
			);
			runOnlyForDeploymentPostprocessing = 0;
			shellPath = /bin/sh;
			shellScript = "diff \"${PODS_ROOT}/../Podfile.lock\" \"${PODS_ROOT}/Manifest.lock\" > /dev/null\nif [ $? != 0 ] ; then\n    # print error to STDERR\n    echo \"error: The sandbox is not in sync with the Podfile.lock. Run 'pod install' or update your CocoaPods installation.\" >&2\n    exit 1\nfi\n";
			showEnvVarsInLog = 0;
		};
		9BCE4226F02B47E552E896F0 /* [CP] Copy Pods Resources */ = {
			isa = PBXShellScriptBuildPhase;
			buildActionMask = 2147483647;
			files = (
			);
			inputPaths = (
			);
			name = "[CP] Copy Pods Resources";
			outputPaths = (
			);
			runOnlyForDeploymentPostprocessing = 0;
			shellPath = /bin/sh;
			shellScript = "\"${SRCROOT}/Pods/Target Support Files/Pods-Pictogram/Pods-Pictogram-resources.sh\"\n";
			showEnvVarsInLog = 0;
		};
/* End PBXShellScriptBuildPhase section */

/* Begin PBXSourcesBuildPhase section */
		04E8DA3F1EA4DDCF007AAE98 /* Sources */ = {
			isa = PBXSourcesBuildPhase;
			buildActionMask = 2147483647;
			files = (
				04E8DA461EA4DDD0007AAE98 /* PictogramTests.swift in Sources */,
			);
			runOnlyForDeploymentPostprocessing = 0;
		};
		431912371E95496B00CC8E0D /* Sources */ = {
			isa = PBXSourcesBuildPhase;
			buildActionMask = 2147483647;
			files = (
				04387C9E1EA593E50069D90F /* HomeSearch.swift in Sources */,
				04E8DA301E9D9759007AAE98 /* HomeHeader.swift in Sources */,
				432B76531E9BCAF300DC07F9 /* NotificationCell.swift in Sources */,
				4319125D1E96A4AD00CC8E0D /* BrandColours.swift in Sources */,
				43758BDE1E9BE800006B4952 /* EventCell.swift in Sources */,
				43C2F8A21E97D380008144FA /* PhotoSelectorCell.swift in Sources */,
				436569B81E9CD91300216D8E /* EventCategoryCell.swift in Sources */,
				431912411E95496C00CC8E0D /* RegisterController.swift in Sources */,
				04E8DA191E96E695007AAE98 /* MainTabBarController.swift in Sources */,
				432B764A1E9BA32B00DC07F9 /* HomePostCell.swift in Sources */,
				04E8DA2E1E9AFF88007AAE98 /* UserProfilePhotoCell.swift in Sources */,
				04E8DA371EA18F84007AAE98 /* ImageHandler.swift in Sources */,
				437D6A5D1E9F88A100A112DB /* UserProfileEditCell.swift in Sources */,
				04E8DA291E99B240007AAE98 /* UserProfileHeader.swift in Sources */,
				04E8DA391EA44CE8007AAE98 /* EventsAPI.swift in Sources */,
				43C2F8A61E97EA84008144FA /* MemeEditorController.swift in Sources */,
				431912471E95496C00CC8E0D /* Pictogram.xcdatamodeld in Sources */,
				432B76451E9B9A2200DC07F9 /* CustomImageView.swift in Sources */,
				436569B61E9CD73800216D8E /* Event.swift in Sources */,
				04E8DA321E9D9D4B007AAE98 /* SearchViewController.swift in Sources */,
				04E8DA341E9DABB8007AAE98 /* AppCache.swift in Sources */,
				04387C961EA511B40069D90F /* EventsPageHeader.swift in Sources */,
				04E8DA201E96F6FC007AAE98 /* User.swift in Sources */,
				437D6A601E9FB0B200A112DB /* EntitySearchTableViewController.swift in Sources */,
				437D6A5A1E9F866800A112DB /* UserProfileEditController.swift in Sources */,
				432B76481E9BA13600DC07F9 /* HomeController.swift in Sources */,
				04E8DA271E99AEBB007AAE98 /* UserProfileController.swift in Sources */,
				4319123F1E95496C00CC8E0D /* AppDelegate.swift in Sources */,
				432B76511E9BCACA00DC07F9 /* NotificationController.swift in Sources */,
				04E8DA231E993895007AAE98 /* KeyboardObserver.swift in Sources */,
				04387C981EA515410069D90F /* EventDelegate.swift in Sources */,
				43C2F8A41E97DB38008144FA /* PhotoSelectorHeader.swift in Sources */,
				04E8DA3C1EA4C55D007AAE98 /* Venue.swift in Sources */,
				43758BDC1E9BE7CD006B4952 /* EventsController.swift in Sources */,
				431912541E967FA500CC8E0D /* Extensions.swift in Sources */,
				04E8DA3E1EA4C777007AAE98 /* Artist.swift in Sources */,
				04E8DA2C1E9AEBCF007AAE98 /* Post.swift in Sources */,
				432B764C1E9BA74B00DC07F9 /* DaoManager.swift in Sources */,
				43C2F8A01E97A9C4008144FA /* PhotoSelectorController.swift in Sources */,
				437D6A641E9FCA3700A112DB /* DataFactory.swift in Sources */,
				43C2F89C1E97864E008144FA /* LoginController.swift in Sources */,
				04387C931EA510060069D90F /* EventsPageController.swift in Sources */,
			);
			runOnlyForDeploymentPostprocessing = 0;
		};
/* End PBXSourcesBuildPhase section */

/* Begin PBXTargetDependency section */
		04E8DA491EA4DDD0007AAE98 /* PBXTargetDependency */ = {
			isa = PBXTargetDependency;
			target = 4319123A1E95496B00CC8E0D /* Pictogramam */;
			targetProxy = 04E8DA481EA4DDD0007AAE98 /* PBXContainerItemProxy */;
		};
/* End PBXTargetDependency section */

/* Begin PBXVariantGroup section */
		431912421E95496C00CC8E0D /* Main.storyboard */ = {
			isa = PBXVariantGroup;
			children = (
				431912431E95496C00CC8E0D /* Base */,
			);
			name = Main.storyboard;
			sourceTree = "<group>";
		};
		4319124A1E95496C00CC8E0D /* LaunchScreen.storyboard */ = {
			isa = PBXVariantGroup;
			children = (
				4319124B1E95496C00CC8E0D /* Base */,
			);
			name = LaunchScreen.storyboard;
			sourceTree = "<group>";
		};
/* End PBXVariantGroup section */

/* Begin XCBuildConfiguration section */
		04E8DA4B1EA4DDD0007AAE98 /* Debug */ = {
			isa = XCBuildConfiguration;
			buildSettings = {
				BUNDLE_LOADER = "$(TEST_HOST)";
				DEVELOPMENT_TEAM = 7289W83XQQ;
				INFOPLIST_FILE = PictogramTests/Info.plist;
				LD_RUNPATH_SEARCH_PATHS = "$(inherited) @executable_path/Frameworks @loader_path/Frameworks";
				PRODUCT_BUNDLE_IDENTIFIER = com.alaribe.PictogramTests;
				PRODUCT_NAME = "$(TARGET_NAME)";
				SWIFT_VERSION = 3.0;
				TEST_HOST = "$(BUILT_PRODUCTS_DIR)/Pictogramam.app/Pictogramam";
			};
			name = Debug;
		};
		04E8DA4C1EA4DDD0007AAE98 /* Release */ = {
			isa = XCBuildConfiguration;
			buildSettings = {
				BUNDLE_LOADER = "$(TEST_HOST)";
				DEVELOPMENT_TEAM = 7289W83XQQ;
				INFOPLIST_FILE = PictogramTests/Info.plist;
				LD_RUNPATH_SEARCH_PATHS = "$(inherited) @executable_path/Frameworks @loader_path/Frameworks";
				PRODUCT_BUNDLE_IDENTIFIER = com.alaribe.PictogramTests;
				PRODUCT_NAME = "$(TARGET_NAME)";
				SWIFT_VERSION = 3.0;
				TEST_HOST = "$(BUILT_PRODUCTS_DIR)/Pictogramam.app/Pictogramam";
			};
			name = Release;
		};
		4319124E1E95496C00CC8E0D /* Debug */ = {
			isa = XCBuildConfiguration;
			buildSettings = {
				ALWAYS_SEARCH_USER_PATHS = NO;
				CLANG_ANALYZER_NONNULL = YES;
				CLANG_CXX_LANGUAGE_STANDARD = "gnu++0x";
				CLANG_CXX_LIBRARY = "libc++";
				CLANG_ENABLE_MODULES = YES;
				CLANG_ENABLE_OBJC_ARC = YES;
				CLANG_WARN_BOOL_CONVERSION = YES;
				CLANG_WARN_CONSTANT_CONVERSION = YES;
				CLANG_WARN_DIRECT_OBJC_ISA_USAGE = YES_ERROR;
				CLANG_WARN_DOCUMENTATION_COMMENTS = YES;
				CLANG_WARN_EMPTY_BODY = YES;
				CLANG_WARN_ENUM_CONVERSION = YES;
				CLANG_WARN_INFINITE_RECURSION = YES;
				CLANG_WARN_INT_CONVERSION = YES;
				CLANG_WARN_OBJC_ROOT_CLASS = YES_ERROR;
				CLANG_WARN_SUSPICIOUS_MOVE = YES;
				CLANG_WARN_UNREACHABLE_CODE = YES;
				CLANG_WARN__DUPLICATE_METHOD_MATCH = YES;
				"CODE_SIGN_IDENTITY[sdk=iphoneos*]" = "iPhone Developer";
				COPY_PHASE_STRIP = NO;
				DEBUG_INFORMATION_FORMAT = dwarf;
				ENABLE_STRICT_OBJC_MSGSEND = YES;
				ENABLE_TESTABILITY = YES;
				GCC_C_LANGUAGE_STANDARD = gnu99;
				GCC_DYNAMIC_NO_PIC = NO;
				GCC_NO_COMMON_BLOCKS = YES;
				GCC_OPTIMIZATION_LEVEL = 0;
				GCC_PREPROCESSOR_DEFINITIONS = (
					"DEBUG=1",
					"$(inherited)",
				);
				GCC_WARN_64_TO_32_BIT_CONVERSION = YES;
				GCC_WARN_ABOUT_RETURN_TYPE = YES_ERROR;
				GCC_WARN_UNDECLARED_SELECTOR = YES;
				GCC_WARN_UNINITIALIZED_AUTOS = YES_AGGRESSIVE;
				GCC_WARN_UNUSED_FUNCTION = YES;
				GCC_WARN_UNUSED_VARIABLE = YES;
				IPHONEOS_DEPLOYMENT_TARGET = 10.2;
				MTL_ENABLE_DEBUG_INFO = YES;
				ONLY_ACTIVE_ARCH = YES;
				SDKROOT = iphoneos;
				SWIFT_ACTIVE_COMPILATION_CONDITIONS = DEBUG;
				SWIFT_OPTIMIZATION_LEVEL = "-Onone";
				TARGETED_DEVICE_FAMILY = "1,2";
			};
			name = Debug;
		};
		4319124F1E95496C00CC8E0D /* Release */ = {
			isa = XCBuildConfiguration;
			buildSettings = {
				ALWAYS_SEARCH_USER_PATHS = NO;
				CLANG_ANALYZER_NONNULL = YES;
				CLANG_CXX_LANGUAGE_STANDARD = "gnu++0x";
				CLANG_CXX_LIBRARY = "libc++";
				CLANG_ENABLE_MODULES = YES;
				CLANG_ENABLE_OBJC_ARC = YES;
				CLANG_WARN_BOOL_CONVERSION = YES;
				CLANG_WARN_CONSTANT_CONVERSION = YES;
				CLANG_WARN_DIRECT_OBJC_ISA_USAGE = YES_ERROR;
				CLANG_WARN_DOCUMENTATION_COMMENTS = YES;
				CLANG_WARN_EMPTY_BODY = YES;
				CLANG_WARN_ENUM_CONVERSION = YES;
				CLANG_WARN_INFINITE_RECURSION = YES;
				CLANG_WARN_INT_CONVERSION = YES;
				CLANG_WARN_OBJC_ROOT_CLASS = YES_ERROR;
				CLANG_WARN_SUSPICIOUS_MOVE = YES;
				CLANG_WARN_UNREACHABLE_CODE = YES;
				CLANG_WARN__DUPLICATE_METHOD_MATCH = YES;
				"CODE_SIGN_IDENTITY[sdk=iphoneos*]" = "iPhone Developer";
				COPY_PHASE_STRIP = NO;
				DEBUG_INFORMATION_FORMAT = "dwarf-with-dsym";
				ENABLE_NS_ASSERTIONS = NO;
				ENABLE_STRICT_OBJC_MSGSEND = YES;
				GCC_C_LANGUAGE_STANDARD = gnu99;
				GCC_NO_COMMON_BLOCKS = YES;
				GCC_WARN_64_TO_32_BIT_CONVERSION = YES;
				GCC_WARN_ABOUT_RETURN_TYPE = YES_ERROR;
				GCC_WARN_UNDECLARED_SELECTOR = YES;
				GCC_WARN_UNINITIALIZED_AUTOS = YES_AGGRESSIVE;
				GCC_WARN_UNUSED_FUNCTION = YES;
				GCC_WARN_UNUSED_VARIABLE = YES;
				IPHONEOS_DEPLOYMENT_TARGET = 10.2;
				MTL_ENABLE_DEBUG_INFO = NO;
				SDKROOT = iphoneos;
				SWIFT_OPTIMIZATION_LEVEL = "-Owholemodule";
				TARGETED_DEVICE_FAMILY = "1,2";
				VALIDATE_PRODUCT = YES;
			};
			name = Release;
		};
		431912511E95496C00CC8E0D /* Debug */ = {
			isa = XCBuildConfiguration;
			baseConfigurationReference = B79F500FA87FDD21F979A120 /* Pods-Pictogram.debug.xcconfig */;
			buildSettings = {
				ASSETCATALOG_COMPILER_APPICON_NAME = AppIcon;
				DEVELOPMENT_TEAM = 7289W83XQQ;
				INFOPLIST_FILE = Pictogram/Info.plist;
				LD_RUNPATH_SEARCH_PATHS = "$(inherited) @executable_path/Frameworks";
				PRODUCT_BUNDLE_IDENTIFIER = com.alaribe.Pictogram;
				PRODUCT_NAME = "$(TARGET_NAME)";
				SWIFT_VERSION = 3.0;
			};
			name = Debug;
		};
		431912521E95496C00CC8E0D /* Release */ = {
			isa = XCBuildConfiguration;
			baseConfigurationReference = 7D12EABECB2EC8D908A2E88C /* Pods-Pictogram.release.xcconfig */;
			buildSettings = {
				ASSETCATALOG_COMPILER_APPICON_NAME = AppIcon;
				DEVELOPMENT_TEAM = 7289W83XQQ;
				INFOPLIST_FILE = Pictogram/Info.plist;
				LD_RUNPATH_SEARCH_PATHS = "$(inherited) @executable_path/Frameworks";
				PRODUCT_BUNDLE_IDENTIFIER = com.alaribe.Pictogram;
				PRODUCT_NAME = "$(TARGET_NAME)";
				SWIFT_VERSION = 3.0;
			};
			name = Release;
		};
/* End XCBuildConfiguration section */

/* Begin XCConfigurationList section */
		04E8DA4A1EA4DDD0007AAE98 /* Build configuration list for PBXNativeTarget "PictogramamTests" */ = {
			isa = XCConfigurationList;
			buildConfigurations = (
				04E8DA4B1EA4DDD0007AAE98 /* Debug */,
				04E8DA4C1EA4DDD0007AAE98 /* Release */,
			);
			defaultConfigurationIsVisible = 0;
			defaultConfigurationName = Release;
		};
		431912361E95496B00CC8E0D /* Build configuration list for PBXProject "Pictogram" */ = {
			isa = XCConfigurationList;
			buildConfigurations = (
				4319124E1E95496C00CC8E0D /* Debug */,
				4319124F1E95496C00CC8E0D /* Release */,
			);
			defaultConfigurationIsVisible = 0;
			defaultConfigurationName = Release;
		};
		431912501E95496C00CC8E0D /* Build configuration list for PBXNativeTarget "Pictogramam" */ = {
			isa = XCConfigurationList;
			buildConfigurations = (
				431912511E95496C00CC8E0D /* Debug */,
				431912521E95496C00CC8E0D /* Release */,
			);
			defaultConfigurationIsVisible = 0;
			defaultConfigurationName = Release;
		};
/* End XCConfigurationList section */

/* Begin XCVersionGroup section */
		431912451E95496C00CC8E0D /* Pictogram.xcdatamodeld */ = {
			isa = XCVersionGroup;
			children = (
				431912461E95496C00CC8E0D /* Pictogram.xcdatamodel */,
			);
			currentVersion = 431912461E95496C00CC8E0D /* Pictogram.xcdatamodel */;
			path = Pictogram.xcdatamodeld;
			sourceTree = "<group>";
			versionGroupType = wrapper.xcdatamodel;
		};
/* End XCVersionGroup section */
	};
	rootObject = 431912331E95496B00CC8E0D /* Project object */;
}
